
Microsoft Visual Studio Solution File, Format Version 12.00
# Visual Studio 2012
Project("{F184B08F-C81C-45F6-A57F-5ABD9991F28F}") = "WindowsApplication1", "WindowsApplication1\WindowsApplication1.vbproj", "{686608AC-D65E-4BB9-8EA7-BDF03458264E}"
	ProjectSection(ProjectDependencies) = postProject
		{B317B8C6-08AE-4CA1-9FB7-D6A5E7D9108D} = {B317B8C6-08AE-4CA1-9FB7-D6A5E7D9108D}
	EndProjectSection
EndProject
Project("{F184B08F-C81C-45F6-A57F-5ABD9991F28F}") = "ClassLibrary1", "ClassLibrary1\ClassLibrary1.vbproj", "{B317B8C6-08AE-4CA1-9FB7-D6A5E7D9108D}"
EndProject
Global
	GlobalSection(SolutionConfigurationPlatforms) = preSolution
		Debug|Any CPU = Debug|Any CPU
		Debug|Mixed Platforms = Debug|Mixed Platforms
		Debug|x86 = Debug|x86
		Release|Any CPU = Release|Any CPU
		Release|Mixed Platforms = Release|Mixed Platforms
		Release|x86 = Release|x86
	EndGlobalSection
	GlobalSection(ProjectConfigurationPlatforms) = postSolution
		{686608AC-D65E-4BB9-8EA7-BDF03458264E}.Debug|Any CPU.ActiveCfg = Debug|x86
		{686608AC-D65E-4BB9-8EA7-BDF03458264E}.Debug|Mixed Platforms.ActiveCfg = Debug|x86
		{686608AC-D65E-4BB9-8EA7-BDF03458264E}.Debug|Mixed Platforms.Build.0 = Debug|x86
		{686608AC-D65E-4BB9-8EA7-BDF03458264E}.Debug|x86.ActiveCfg = Debug|x86
		{686608AC-D65E-4BB9-8EA7-BDF03458264E}.Debug|x86.Build.0 = Debug|x86
		{686608AC-D65E-4BB9-8EA7-BDF03458264E}.Release|Any CPU.ActiveCfg = Release|x86
		{686608AC-D65E-4BB9-8EA7-BDF03458264E}.Release|Mixed Platforms.ActiveCfg = Release|x86
		{686608AC-D65E-4BB9-8EA7-BDF03458264E}.Release|Mixed Platforms.Build.0 = Release|x86
		{686608AC-D65E-4BB9-8EA7-BDF03458264E}.Release|x86.ActiveCfg = Release|x86
		{686608AC-D65E-4BB9-8EA7-BDF03458264E}.Release|x86.Build.0 = Release|x86
		{B317B8C6-08AE-4CA1-9FB7-D6A5E7D9108D}.Debug|Any CPU.ActiveCfg = Debug|Any CPU
		{B317B8C6-08AE-4CA1-9FB7-D6A5E7D9108D}.Debug|Any CPU.Build.0 = Debug|Any CPU
		{B317B8C6-08AE-4CA1-9FB7-D6A5E7D9108D}.Debug|Mixed Platforms.ActiveCfg = Debug|Any CPU
		{B317B8C6-08AE-4CA1-9FB7-D6A5E7D9108D}.Debug|Mixed Platforms.Build.0 = Debug|Any CPU
		{B317B8C6-08AE-4CA1-9FB7-D6A5E7D9108D}.Debug|x86.ActiveCfg = Debug|Any CPU
		{B317B8C6-08AE-4CA1-9FB7-D6A5E7D9108D}.Release|Any CPU.ActiveCfg = Release|Any CPU
		{B317B8C6-08AE-4CA1-9FB7-D6A5E7D9108D}.Release|Any CPU.Build.0 = Release|Any CPU
		{B317B8C6-08AE-4CA1-9FB7-D6A5E7D9108D}.Release|Mixed Platforms.ActiveCfg = Release|Any CPU
		{B317B8C6-08AE-4CA1-9FB7-D6A5E7D9108D}.Release|Mixed Platforms.Build.0 = Release|Any CPU
		{B317B8C6-08AE-4CA1-9FB7-D6A5E7D9108D}.Release|x86.ActiveCfg = Release|Any CPU
	EndGlobalSection
	GlobalSection(SolutionProperties) = preSolution
		HideSolutionNode = FALSE
	EndGlobalSection
	GlobalSection(Performance) = preSolution
		HasPerformanceSessions = true
	EndGlobalSection
EndGlobal
